
Microsoft Visual Studio Solution File, Format Version 12.00
# Visual Studio Version 17
VisualStudioVersion = 17.5.33530.505
MinimumVisualStudioVersion = 10.0.40219.1
Project("{9A19103F-16F7-4668-BE54-9A1E7A4F7556}") = "TRA.Lib", "TRA.Lib\TRA.Lib.csproj", "{A448E700-2628-4CC2-BCFB-279E4AD1C947}"
EndProject
Project("{9A19103F-16F7-4668-BE54-9A1E7A4F7556}") = "TRA.Lib_TEST", "KomponentenTest\TRA.Lib_TEST.csproj", "{FE34EA33-4E84-46C2-81EB-8E5B38E5026F}"
EndProject
Project("{2150E333-8FDC-42A3-9474-1A3956D46DE8}") = "Projektmappenelemente", "Projektmappenelemente", "{84D27F74-D2BA-6C25-2661-968F101900D9}"
	ProjectSection(SolutionItems) = preProject
		README.md = README.md
	EndProjectSection
EndProject
Global
	GlobalSection(SolutionConfigurationPlatforms) = preSolution
		Debug|Any CPU = Debug|Any CPU
		Debug|ARM = Debug|ARM
		Debug|ARM64 = Debug|ARM64
		Debug|x64 = Debug|x64
		Debug|x86 = Debug|x86
		Release_NO_SCOTT|Any CPU = Release_NO_SCOTT|Any CPU
		Release_NO_SCOTT|ARM = Release_NO_SCOTT|ARM
		Release_NO_SCOTT|ARM64 = Release_NO_SCOTT|ARM64
		Release_NO_SCOTT|x64 = Release_NO_SCOTT|x64
		Release_NO_SCOTT|x86 = Release_NO_SCOTT|x86
		Release_VAOnly|Any CPU = Release_VAOnly|Any CPU
		Release_VAOnly|ARM = Release_VAOnly|ARM
		Release_VAOnly|ARM64 = Release_VAOnly|ARM64
		Release_VAOnly|x64 = Release_VAOnly|x64
		Release_VAOnly|x86 = Release_VAOnly|x86
		Release|Any CPU = Release|Any CPU
		Release|ARM = Release|ARM
		Release|ARM64 = Release|ARM64
		Release|x64 = Release|x64
		Release|x86 = Release|x86
	EndGlobalSection
	GlobalSection(ProjectConfigurationPlatforms) = postSolution
		{A448E700-2628-4CC2-BCFB-279E4AD1C947}.Debug|Any CPU.ActiveCfg = Debug|Any CPU
		{A448E700-2628-4CC2-BCFB-279E4AD1C947}.Debug|Any CPU.Build.0 = Debug|Any CPU
		{A448E700-2628-4CC2-BCFB-279E4AD1C947}.Debug|ARM.ActiveCfg = Debug|Any CPU
		{A448E700-2628-4CC2-BCFB-279E4AD1C947}.Debug|ARM.Build.0 = Debug|Any CPU
		{A448E700-2628-4CC2-BCFB-279E4AD1C947}.Debug|ARM64.ActiveCfg = Debug|Any CPU
		{A448E700-2628-4CC2-BCFB-279E4AD1C947}.Debug|ARM64.Build.0 = Debug|Any CPU
		{A448E700-2628-4CC2-BCFB-279E4AD1C947}.Debug|x64.ActiveCfg = Debug|Any CPU
		{A448E700-2628-4CC2-BCFB-279E4AD1C947}.Debug|x64.Build.0 = Debug|Any CPU
		{A448E700-2628-4CC2-BCFB-279E4AD1C947}.Debug|x86.ActiveCfg = Debug|Any CPU
		{A448E700-2628-4CC2-BCFB-279E4AD1C947}.Debug|x86.Build.0 = Debug|Any CPU
		{A448E700-2628-4CC2-BCFB-279E4AD1C947}.Release_NO_SCOTT|Any CPU.ActiveCfg = Release_NO_SCOTTPLOT|Any CPU
		{A448E700-2628-4CC2-BCFB-279E4AD1C947}.Release_NO_SCOTT|Any CPU.Build.0 = Release_NO_SCOTTPLOT|Any CPU
		{A448E700-2628-4CC2-BCFB-279E4AD1C947}.Release_NO_SCOTT|ARM.ActiveCfg = Release_NO_SCOTT|Any CPU
		{A448E700-2628-4CC2-BCFB-279E4AD1C947}.Release_NO_SCOTT|ARM.Build.0 = Release_NO_SCOTT|Any CPU
		{A448E700-2628-4CC2-BCFB-279E4AD1C947}.Release_NO_SCOTT|ARM64.ActiveCfg = Release_NO_SCOTT|Any CPU
		{A448E700-2628-4CC2-BCFB-279E4AD1C947}.Release_NO_SCOTT|ARM64.Build.0 = Release_NO_SCOTT|Any CPU
		{A448E700-2628-4CC2-BCFB-279E4AD1C947}.Release_NO_SCOTT|x64.ActiveCfg = Release_NO_SCOTT|Any CPU
		{A448E700-2628-4CC2-BCFB-279E4AD1C947}.Release_NO_SCOTT|x64.Build.0 = Release_NO_SCOTT|Any CPU
		{A448E700-2628-4CC2-BCFB-279E4AD1C947}.Release_NO_SCOTT|x86.ActiveCfg = Release_NO_SCOTT|Any CPU
		{A448E700-2628-4CC2-BCFB-279E4AD1C947}.Release_NO_SCOTT|x86.Build.0 = Release_NO_SCOTT|Any CPU
		{A448E700-2628-4CC2-BCFB-279E4AD1C947}.Release_VAOnly|Any CPU.ActiveCfg = Release|Any CPU
		{A448E700-2628-4CC2-BCFB-279E4AD1C947}.Release_VAOnly|Any CPU.Build.0 = Release|Any CPU
		{A448E700-2628-4CC2-BCFB-279E4AD1C947}.Release_VAOnly|ARM.ActiveCfg = Release_VAOnly|Any CPU
		{A448E700-2628-4CC2-BCFB-279E4AD1C947}.Release_VAOnly|ARM.Build.0 = Release_VAOnly|Any CPU
		{A448E700-2628-4CC2-BCFB-279E4AD1C947}.Release_VAOnly|ARM64.ActiveCfg = Release_VAOnly|Any CPU
		{A448E700-2628-4CC2-BCFB-279E4AD1C947}.Release_VAOnly|ARM64.Build.0 = Release_VAOnly|Any CPU
		{A448E700-2628-4CC2-BCFB-279E4AD1C947}.Release_VAOnly|x64.ActiveCfg = Release_VAOnly|Any CPU
		{A448E700-2628-4CC2-BCFB-279E4AD1C947}.Release_VAOnly|x64.Build.0 = Release_VAOnly|Any CPU
		{A448E700-2628-4CC2-BCFB-279E4AD1C947}.Release_VAOnly|x86.ActiveCfg = Release_VAOnly|Any CPU
		{A448E700-2628-4CC2-BCFB-279E4AD1C947}.Release_VAOnly|x86.Build.0 = Release_VAOnly|Any CPU
		{A448E700-2628-4CC2-BCFB-279E4AD1C947}.Release|Any CPU.ActiveCfg = Release|Any CPU
		{A448E700-2628-4CC2-BCFB-279E4AD1C947}.Release|Any CPU.Build.0 = Release|Any CPU
		{A448E700-2628-4CC2-BCFB-279E4AD1C947}.Release|ARM.ActiveCfg = Release|Any CPU
		{A448E700-2628-4CC2-BCFB-279E4AD1C947}.Release|ARM.Build.0 = Release|Any CPU
		{A448E700-2628-4CC2-BCFB-279E4AD1C947}.Release|ARM64.ActiveCfg = Release|Any CPU
		{A448E700-2628-4CC2-BCFB-279E4AD1C947}.Release|ARM64.Build.0 = Release|Any CPU
		{A448E700-2628-4CC2-BCFB-279E4AD1C947}.Release|x64.ActiveCfg = Release|Any CPU
		{A448E700-2628-4CC2-BCFB-279E4AD1C947}.Release|x64.Build.0 = Release|Any CPU
		{A448E700-2628-4CC2-BCFB-279E4AD1C947}.Release|x86.ActiveCfg = Release|Any CPU
		{A448E700-2628-4CC2-BCFB-279E4AD1C947}.Release|x86.Build.0 = Release|Any CPU
		{FE34EA33-4E84-46C2-81EB-8E5B38E5026F}.Debug|Any CPU.ActiveCfg = Debug|Any CPU
		{FE34EA33-4E84-46C2-81EB-8E5B38E5026F}.Debug|Any CPU.Build.0 = Debug|Any CPU
		{FE34EA33-4E84-46C2-81EB-8E5B38E5026F}.Debug|ARM.ActiveCfg = Debug|Any CPU
		{FE34EA33-4E84-46C2-81EB-8E5B38E5026F}.Debug|ARM.Build.0 = Debug|Any CPU
		{FE34EA33-4E84-46C2-81EB-8E5B38E5026F}.Debug|ARM64.ActiveCfg = Debug|Any CPU
		{FE34EA33-4E84-46C2-81EB-8E5B38E5026F}.Debug|ARM64.Build.0 = Debug|Any CPU
		{FE34EA33-4E84-46C2-81EB-8E5B38E5026F}.Debug|x64.ActiveCfg = Debug|Any CPU
		{FE34EA33-4E84-46C2-81EB-8E5B38E5026F}.Debug|x64.Build.0 = Debug|Any CPU
		{FE34EA33-4E84-46C2-81EB-8E5B38E5026F}.Debug|x86.ActiveCfg = Debug|Any CPU
		{FE34EA33-4E84-46C2-81EB-8E5B38E5026F}.Debug|x86.Build.0 = Debug|Any CPU
		{FE34EA33-4E84-46C2-81EB-8E5B38E5026F}.Release_NO_SCOTT|Any CPU.ActiveCfg = Release|Any CPU
		{FE34EA33-4E84-46C2-81EB-8E5B38E5026F}.Release_NO_SCOTT|ARM.ActiveCfg = Release|Any CPU
		{FE34EA33-4E84-46C2-81EB-8E5B38E5026F}.Release_NO_SCOTT|ARM.Build.0 = Release|Any CPU
		{FE34EA33-4E84-46C2-81EB-8E5B38E5026F}.Release_NO_SCOTT|ARM64.ActiveCfg = Release|Any CPU
		{FE34EA33-4E84-46C2-81EB-8E5B38E5026F}.Release_NO_SCOTT|ARM64.Build.0 = Release|Any CPU
		{FE34EA33-4E84-46C2-81EB-8E5B38E5026F}.Release_NO_SCOTT|x64.ActiveCfg = Release|Any CPU
		{FE34EA33-4E84-46C2-81EB-8E5B38E5026F}.Release_NO_SCOTT|x64.Build.0 = Release|Any CPU
		{FE34EA33-4E84-46C2-81EB-8E5B38E5026F}.Release_NO_SCOTT|x86.ActiveCfg = Release|Any CPU
		{FE34EA33-4E84-46C2-81EB-8E5B38E5026F}.Release_NO_SCOTT|x86.Build.0 = Release|Any CPU
		{FE34EA33-4E84-46C2-81EB-8E5B38E5026F}.Release_VAOnly|Any CPU.ActiveCfg = Release|Any CPU
		{FE34EA33-4E84-46C2-81EB-8E5B38E5026F}.Release_VAOnly|ARM.ActiveCfg = Release_VAOnly|Any CPU
		{FE34EA33-4E84-46C2-81EB-8E5B38E5026F}.Release_VAOnly|ARM.Build.0 = Release_VAOnly|Any CPU
		{FE34EA33-4E84-46C2-81EB-8E5B38E5026F}.Release_VAOnly|ARM64.ActiveCfg = Release_VAOnly|Any CPU
		{FE34EA33-4E84-46C2-81EB-8E5B38E5026F}.Release_VAOnly|ARM64.Build.0 = Release_VAOnly|Any CPU
		{FE34EA33-4E84-46C2-81EB-8E5B38E5026F}.Release_VAOnly|x64.ActiveCfg = Release_VAOnly|Any CPU
		{FE34EA33-4E84-46C2-81EB-8E5B38E5026F}.Release_VAOnly|x64.Build.0 = Release_VAOnly|Any CPU
		{FE34EA33-4E84-46C2-81EB-8E5B38E5026F}.Release_VAOnly|x86.ActiveCfg = Release_VAOnly|Any CPU
		{FE34EA33-4E84-46C2-81EB-8E5B38E5026F}.Release_VAOnly|x86.Build.0 = Release_VAOnly|Any CPU
		{FE34EA33-4E84-46C2-81EB-8E5B38E5026F}.Release|Any CPU.ActiveCfg = Release|Any CPU
		{FE34EA33-4E84-46C2-81EB-8E5B38E5026F}.Release|ARM.ActiveCfg = Release|Any CPU
		{FE34EA33-4E84-46C2-81EB-8E5B38E5026F}.Release|ARM.Build.0 = Release|Any CPU
		{FE34EA33-4E84-46C2-81EB-8E5B38E5026F}.Release|ARM64.ActiveCfg = Release|Any CPU
		{FE34EA33-4E84-46C2-81EB-8E5B38E5026F}.Release|ARM64.Build.0 = Release|Any CPU
		{FE34EA33-4E84-46C2-81EB-8E5B38E5026F}.Release|x64.ActiveCfg = Release|Any CPU
		{FE34EA33-4E84-46C2-81EB-8E5B38E5026F}.Release|x64.Build.0 = Release|Any CPU
		{FE34EA33-4E84-46C2-81EB-8E5B38E5026F}.Release|x86.ActiveCfg = Release|Any CPU
		{FE34EA33-4E84-46C2-81EB-8E5B38E5026F}.Release|x86.Build.0 = Release|Any CPU
	EndGlobalSection
	GlobalSection(SolutionProperties) = preSolution
		HideSolutionNode = FALSE
	EndGlobalSection
	GlobalSection(ExtensibilityGlobals) = postSolution
		SolutionGuid = {8E87DB8E-7C8C-42E1-BBAF-A0CA21B55691}
	EndGlobalSection
EndGlobal
